
Microsoft Visual Studio Solution File, Format Version 12.00
# Visual Studio 15
VisualStudioVersion = 15.0.28307.271
MinimumVisualStudioVersion = 10.0.40219.1
Project("{FAE04EC0-301F-11D3-BF4B-00C04F79EFBC}") = "CardLibrary", "CardLibrary\CardLibrary.csproj", "{D4A7937F-07AF-4E85-A135-CF9B69F907D5}"
EndProject
Project("{FAE04EC0-301F-11D3-BF4B-00C04F79EFBC}") = "DurakClient", "DurakClient\DurakClient.csproj", "{5C572D9F-25AB-4C0F-A079-D0AA448F4786}"
EndProject
Global
	GlobalSection(SolutionConfigurationPlatforms) = preSolution
		Debug|Any CPU = Debug|Any CPU
		Release|Any CPU = Release|Any CPU
	EndGlobalSection
	GlobalSection(ProjectConfigurationPlatforms) = postSolution
		{D4A7937F-07AF-4E85-A135-CF9B69F907D5}.Debug|Any CPU.ActiveCfg = Debug|Any CPU
		{D4A7937F-07AF-4E85-A135-CF9B69F907D5}.Debug|Any CPU.Build.0 = Debug|Any CPU
		{D4A7937F-07AF-4E85-A135-CF9B69F907D5}.Release|Any CPU.ActiveCfg = Release|Any CPU
		{D4A7937F-07AF-4E85-A135-CF9B69F907D5}.Release|Any CPU.Build.0 = Release|Any CPU
		{5C572D9F-25AB-4C0F-A079-D0AA448F4786}.Debug|Any CPU.ActiveCfg = Debug|Any CPU
		{5C572D9F-25AB-4C0F-A079-D0AA448F4786}.Debug|Any CPU.Build.0 = Debug|Any CPU
		{5C572D9F-25AB-4C0F-A079-D0AA448F4786}.Release|Any CPU.ActiveCfg = Release|Any CPU
		{5C572D9F-25AB-4C0F-A079-D0AA448F4786}.Release|Any CPU.Build.0 = Release|Any CPU
	EndGlobalSection
	GlobalSection(SolutionProperties) = preSolution
		HideSolutionNode = FALSE
	EndGlobalSection
	GlobalSection(ExtensibilityGlobals) = postSolution
		SolutionGuid = {012D1FFE-8837-482B-B338-A96FA3864ACC}
	EndGlobalSection
EndGlobal
